
Microsoft Visual Studio Solution File, Format Version 12.00
# Visual Studio Version 17
VisualStudioVersion = 17.0.31903.59
MinimumVisualStudioVersion = 10.0.40219.1
Project("{FAE04EC0-301F-11D3-BF4B-00C04F79EFBC}") = "APIReparationCenter", "APIReparationCenter\APIReparationCenter.csproj", "{EF30294E-E34C-4E53-92BF-D504ECAF2CDE}"
EndProject
Project("{FAE04EC0-301F-11D3-BF4B-00C04F79EFBC}") = "Core", "Core\Core.csproj", "{2F151836-92FF-4F1F-B633-01DC58835070}"
EndProject
Project("{FAE04EC0-301F-11D3-BF4B-00C04F79EFBC}") = "Infrastructure", "Infrastructure\Infrastructure.csproj", "{65E76460-B4E6-495F-AFCE-1CBCAA750080}"
EndProject
Global
	GlobalSection(SolutionConfigurationPlatforms) = preSolution
		Debug|Any CPU = Debug|Any CPU
		Release|Any CPU = Release|Any CPU
	EndGlobalSection
	GlobalSection(SolutionProperties) = preSolution
		HideSolutionNode = FALSE
	EndGlobalSection
	GlobalSection(ProjectConfigurationPlatforms) = postSolution
		{EF30294E-E34C-4E53-92BF-D504ECAF2CDE}.Debug|Any CPU.ActiveCfg = Debug|Any CPU
		{EF30294E-E34C-4E53-92BF-D504ECAF2CDE}.Debug|Any CPU.Build.0 = Debug|Any CPU
		{EF30294E-E34C-4E53-92BF-D504ECAF2CDE}.Release|Any CPU.ActiveCfg = Release|Any CPU
		{EF30294E-E34C-4E53-92BF-D504ECAF2CDE}.Release|Any CPU.Build.0 = Release|Any CPU
		{2F151836-92FF-4F1F-B633-01DC58835070}.Debug|Any CPU.ActiveCfg = Debug|Any CPU
		{2F151836-92FF-4F1F-B633-01DC58835070}.Debug|Any CPU.Build.0 = Debug|Any CPU
		{2F151836-92FF-4F1F-B633-01DC58835070}.Release|Any CPU.ActiveCfg = Release|Any CPU
		{2F151836-92FF-4F1F-B633-01DC58835070}.Release|Any CPU.Build.0 = Release|Any CPU
		{65E76460-B4E6-495F-AFCE-1CBCAA750080}.Debug|Any CPU.ActiveCfg = Debug|Any CPU
		{65E76460-B4E6-495F-AFCE-1CBCAA750080}.Debug|Any CPU.Build.0 = Debug|Any CPU
		{65E76460-B4E6-495F-AFCE-1CBCAA750080}.Release|Any CPU.ActiveCfg = Release|Any CPU
		{65E76460-B4E6-495F-AFCE-1CBCAA750080}.Release|Any CPU.Build.0 = Release|Any CPU
	EndGlobalSection
EndGlobal
